
Microsoft Visual Studio Solution File, Format Version 12.00
# Visual Studio Version 17
VisualStudioVersion = 17.7.34221.43
MinimumVisualStudioVersion = 10.0.40219.1
Project("{FAE04EC0-301F-11D3-BF4B-00C04F79EFBC}") = "Abstract", "Abstract\Abstract.csproj", "{DA7B248C-D2F3-4BDD-A8DB-EDD31CEC4B13}"
EndProject
Global
	GlobalSection(SolutionConfigurationPlatforms) = preSolution
		Debug|Any CPU = Debug|Any CPU
		Release|Any CPU = Release|Any CPU
	EndGlobalSection
	GlobalSection(ProjectConfigurationPlatforms) = postSolution
		{DA7B248C-D2F3-4BDD-A8DB-EDD31CEC4B13}.Debug|Any CPU.ActiveCfg = Debug|Any CPU
		{DA7B248C-D2F3-4BDD-A8DB-EDD31CEC4B13}.Debug|Any CPU.Build.0 = Debug|Any CPU
		{DA7B248C-D2F3-4BDD-A8DB-EDD31CEC4B13}.Release|Any CPU.ActiveCfg = Release|Any CPU
		{DA7B248C-D2F3-4BDD-A8DB-EDD31CEC4B13}.Release|Any CPU.Build.0 = Release|Any CPU
	EndGlobalSection
	GlobalSection(SolutionProperties) = preSolution
		HideSolutionNode = FALSE
	EndGlobalSection
	GlobalSection(ExtensibilityGlobals) = postSolution
		SolutionGuid = {D17E5D8C-6981-470A-85A3-4BC489C0C34F}
	EndGlobalSection
EndGlobal
